# This file is automatically @generated by Cargo.
# It is not intended for manual editing.
version = 4

[[package]]
name = "blackchain-crypto-lib-rust"
version = "0.1.0"
dependencies = [
 "pqcrypto",
 "pqcrypto-dilithium 0.5.0",
]

[[package]]
name = "cc"
version = "1.2.58"
source = "registry+https://github.com/rust-lang/crates.io-index"
checksum = "e1e928d4b69e3077709075a938a05ffbedfa53a84c8f766efbf8220bb1ff60e1"
dependencies = [
 "find-msvc-tools",
 "jobserver",
 "libc",
 "shlex",
]

[[package]]
name = "cfg-if"
version = "1.0.4"
source = "registry+https://github.com/rust-lang/crates.io-index"
checksum = "9330f8b2ff13f34540b44e946ef35111825727b38d33286ef986142615121801"

[[package]]
name = "dunce"
version = "1.0.5"
source = "registry+https://github.com/rust-lang/crates.io-index"
checksum = "92773504d58c093f6de2459af4af33faa518c13451eb8f2b5698ed3d36e7c813"

[[package]]
name = "find-msvc-tools"
version = "0.1.9"
source = "registry+https://github.com/rust-lang/crates.io-index"
checksum = "5baebc0774151f905a1a2cc41989300b1e6fbb29aff0ceffa1064fdd3088d582"

[[package]]
name = "getrandom"
version = "0.3.4"
source = "registry+https://github.com/rust-lang/crates.io-index"
checksum = "899def5c37c4fd7b2664648c28120ecec138e4d395b459e5ca34f9cce2dd77fd"
dependencies = [
 "cfg-if",
 "libc",
 "r-efi",
 "wasip2",
]

[[package]]
name = "glob"
version = "0.3.3"
source = "registry+https://github.com/rust-lang/crates.io-index"
checksum = "0cc23270f6e1808e30a928bdc84dea0b9b4136a8bc82338574f23baf47bbd280"

[[package]]
name = "jobserver"
version = "0.1.34"
source = "registry+https://github.com/rust-lang/crates.io-index"
checksum = "9afb3de4395d6b3e67a780b6de64b51c978ecf11cb9a462c66be7d4ca9039d33"
dependencies = [
 "getrandom",
 "libc",
]

[[package]]
name = "libc"
version = "0.2.183"
source = "registry+https://github.com/rust-lang/crates.io-index"
checksum = "b5b646652bf6661599e1da8901b3b9522896f01e736bad5f723fe7a3a27f899d"

[[package]]
name = "pqcrypto"
version = "0.16.1"
source = "registry+https://github.com/rust-lang/crates.io-index"
checksum = "55206b2767223478abcbfaad5888a59febd50874cdff86ad6d65b13191d07324"
dependencies = [
 "pqcrypto-classicmceliece",
 "pqcrypto-dilithium 0.4.6",
 "pqcrypto-falcon",
 "pqcrypto-hqc",
 "pqcrypto-kyber",
 "pqcrypto-sphincsplus",
 "pqcrypto-traits",
]

[[package]]
name = "pqcrypto-classicmceliece"
version = "0.1.7"
source = "registry+https://github.com/rust-lang/crates.io-index"
checksum = "058221b011ba4e1665060ee46c76a262fc0483219e284b83761f7cd0602da2aa"
dependencies = [
 "cc",
 "glob",
 "libc",
 "pqcrypto-internals",
 "pqcrypto-traits",
]

[[package]]
name = "pqcrypto-dilithium"
version = "0.4.6"
source = "registry+https://github.com/rust-lang/crates.io-index"
checksum = "90694b1901d23e01c40fdd21b46bd65efd3d11481da5604fec204f1c1d5b2cb3"
dependencies = [
 "cc",
 "glob",
 "libc",
 "pqcrypto-internals",
 "pqcrypto-traits",
]

[[package]]
name = "pqcrypto-dilithium"
version = "0.5.0"
source = "registry+https://github.com/rust-lang/crates.io-index"
checksum = "685de0fa68c6786559d5fcdaa414f0cd68ef3f5d162f61823bd7424cd276726f"
dependencies = [
 "cc",
 "glob",
 "libc",
 "pqcrypto-internals",
 "pqcrypto-traits",
]

[[package]]
name = "pqcrypto-falcon"
version = "0.2.10"
source = "registry+https://github.com/rust-lang/crates.io-index"
checksum = "5b6ee639378f80f29c4d9a14b7098f1d80c4d65b43f27d2bcfc87285a380f169"
dependencies = [
 "cc",
 "glob",
 "libc",
 "pqcrypto-internals",
 "pqcrypto-traits",
]

[[package]]
name = "pqcrypto-hqc"
version = "0.1.6"
source = "registry+https://github.com/rust-lang/crates.io-index"
checksum = "8ebcff96429b9db09e9c206b8f93a19da2790b917d79b9d06b1fe4a99c47c3dc"
dependencies = [
 "cc",
 "glob",
 "libc",
 "pqcrypto-internals",
 "pqcrypto-traits",
]

[[package]]
name = "pqcrypto-internals"
version = "0.2.11"
source = "registry+https://github.com/rust-lang/crates.io-index"
checksum = "b4a326caf27cbf2ac291ca7fd56300497ba9e76a8cc6a7d95b7a18b57f22b61d"
dependencies = [
 "cc",
 "dunce",
 "getrandom",
 "libc",
]

[[package]]
name = "pqcrypto-kyber"
version = "0.7.6"
source = "registry+https://github.com/rust-lang/crates.io-index"
checksum = "fe9d9695c19e525d5366c913562a331fbeef9a2ad801d9a9ded61a0e4c2fe0fb"
dependencies = [
 "cc",
 "glob",
 "libc",
 "pqcrypto-internals",
 "pqcrypto-traits",
]

[[package]]
name = "pqcrypto-sphincsplus"
version = "0.6.4"
source = "registry+https://github.com/rust-lang/crates.io-index"
checksum = "1b1ac9adfc6a5f52ca8dc4fef14a808386975e3ff82145ce0a21cbc3c5632946"
dependencies = [
 "cc",
 "glob",
 "libc",
 "pqcrypto-internals",
 "pqcrypto-traits",
]

[[package]]
name = "pqcrypto-traits"
version = "0.3.5"
source = "registry+https://github.com/rust-lang/crates.io-index"
checksum = "94e851c7654eed9e68d7d27164c454961a616cf8c203d500607ef22c737b51bb"

[[package]]
name = "r-efi"
version = "5.3.0"
source = "registry+https://github.com/rust-lang/crates.io-index"
checksum = "69cdb34c158ceb288df11e18b4bd39de994f6657d83847bdffdbd7f346754b0f"

[[package]]
name = "shlex"
version = "1.3.0"
source = "registry+https://github.com/rust-lang/crates.io-index"
checksum = "0fda2ff0d084019ba4d7c6f371c95d8fd75ce3524c3cb8fb653a3023f6323e64"

[[package]]
name = "wasip2"
version = "1.0.2+wasi-0.2.9"
source = "registry+https://github.com/rust-lang/crates.io-index"
checksum = "9517f9239f02c069db75e65f174b3da828fe5f5b945c4dd26bd25d89c03ebcf5"
dependencies = [
 "wit-bindgen",
]

[[package]]
name = "wit-bindgen"
version = "0.51.0"
source = "registry+https://github.com/rust-lang/crates.io-index"
checksum = "d7249219f66ced02969388cf2bb044a09756a083d0fab1e566056b04d9fbcaa5"
